
Microsoft Visual Studio Solution File, Format Version 12.00
# Visual Studio Version 16
VisualStudioVersion = 16.0.30309.148
MinimumVisualStudioVersion = 10.0.40219.1
Project("{FAE04EC0-301F-11D3-BF4B-00C04F79EFBC}") = "DynamicAero2", "DynamicAero2\DynamicAero2.csproj", "{91DF8CBA-73A7-4AAB-B850-813D84952403}"
EndProject
Project("{FAE04EC0-301F-11D3-BF4B-00C04F79EFBC}") = "DynamicAero2.Sample", "DynamicAero2.Sample\DynamicAero2.Sample.csproj", "{4C1AD850-3855-4A6F-938A-11CDF2BED852}"
EndProject
Global
	GlobalSection(SolutionConfigurationPlatforms) = preSolution
		Debug|Any CPU = Debug|Any CPU
		Release|Any CPU = Release|Any CPU
	EndGlobalSection
	GlobalSection(ProjectConfigurationPlatforms) = postSolution
		{91DF8CBA-73A7-4AAB-B850-813D84952403}.Debug|Any CPU.ActiveCfg = Debug|Any CPU
		{91DF8CBA-73A7-4AAB-B850-813D84952403}.Debug|Any CPU.Build.0 = Debug|Any CPU
		{91DF8CBA-73A7-4AAB-B850-813D84952403}.Release|Any CPU.ActiveCfg = Release|Any CPU
		{91DF8CBA-73A7-4AAB-B850-813D84952403}.Release|Any CPU.Build.0 = Release|Any CPU
		{4C1AD850-3855-4A6F-938A-11CDF2BED852}.Debug|Any CPU.ActiveCfg = Debug|Any CPU
		{4C1AD850-3855-4A6F-938A-11CDF2BED852}.Debug|Any CPU.Build.0 = Debug|Any CPU
		{4C1AD850-3855-4A6F-938A-11CDF2BED852}.Release|Any CPU.ActiveCfg = Release|Any CPU
		{4C1AD850-3855-4A6F-938A-11CDF2BED852}.Release|Any CPU.Build.0 = Release|Any CPU
	EndGlobalSection
	GlobalSection(SolutionProperties) = preSolution
		HideSolutionNode = FALSE
	EndGlobalSection
	GlobalSection(ExtensibilityGlobals) = postSolution
		SolutionGuid = {F0BE3869-A2A8-4E9F-BF89-830A5C060445}
	EndGlobalSection
EndGlobal
